
Microsoft Visual Studio Solution File, Format Version 12.00
# Visual Studio Version 17
VisualStudioVersion = 17.4.33213.308
MinimumVisualStudioVersion = 10.0.40219.1
Project("{FAE04EC0-301F-11D3-BF4B-00C04F79EFBC}") = "ConsoleApp20", "ConsoleApp20\ConsoleApp20.csproj", "{55BCD671-038E-4151-84D8-45483CA3EAE2}"
EndProject
Global
	GlobalSection(SolutionConfigurationPlatforms) = preSolution
		Debug|Any CPU = Debug|Any CPU
		Release|Any CPU = Release|Any CPU
	EndGlobalSection
	GlobalSection(ProjectConfigurationPlatforms) = postSolution
		{55BCD671-038E-4151-84D8-45483CA3EAE2}.Debug|Any CPU.ActiveCfg = Debug|Any CPU
		{55BCD671-038E-4151-84D8-45483CA3EAE2}.Debug|Any CPU.Build.0 = Debug|Any CPU
		{55BCD671-038E-4151-84D8-45483CA3EAE2}.Release|Any CPU.ActiveCfg = Release|Any CPU
		{55BCD671-038E-4151-84D8-45483CA3EAE2}.Release|Any CPU.Build.0 = Release|Any CPU
	EndGlobalSection
	GlobalSection(SolutionProperties) = preSolution
		HideSolutionNode = FALSE
	EndGlobalSection
	GlobalSection(ExtensibilityGlobals) = postSolution
		SolutionGuid = {392E2E3E-4DFA-4D0F-8AED-E1E607D32995}
	EndGlobalSection
EndGlobal
